
Microsoft Visual Studio Solution File, Format Version 12.00
# Visual Studio Version 16
VisualStudioVersion = 16.0.30330.147
MinimumVisualStudioVersion = 10.0.40219.1
Project("{2150E333-8FDC-42A3-9474-1A3956D46DE8}") = "proto", "proto", "{B088B2E9-FB24-4580-9159-9EE8AB492903}"
EndProject
Project("{FAE04EC0-301F-11D3-BF4B-00C04F79EFBC}") = "HelloWorld", "proto\HelloWorld\HelloWorld.csproj", "{80C9D019-6591-49F4-B5DA-DE147F5D47C4}"
EndProject
Project("{FAE04EC0-301F-11D3-BF4B-00C04F79EFBC}") = "Microscope.VSExtension", "src\Microscope.VSExtension\Microscope.VSExtension.csproj", "{A0920311-8835-4915-9E9B-384F5D8F1113}"
EndProject
Project("{FAE04EC0-301F-11D3-BF4B-00C04F79EFBC}") = "Microscope.CodeLensProvider", "src\Microscope.CodeLensProvider\Microscope.CodeLensProvider.csproj", "{FA8F7552-7E27-425B-9B81-09E0789179A3}"
EndProject
Global
	GlobalSection(SolutionConfigurationPlatforms) = preSolution
		Debug|Any CPU = Debug|Any CPU
		Release|Any CPU = Release|Any CPU
	EndGlobalSection
	GlobalSection(ProjectConfigurationPlatforms) = postSolution
		{80C9D019-6591-49F4-B5DA-DE147F5D47C4}.Debug|Any CPU.ActiveCfg = Debug|Any CPU
		{80C9D019-6591-49F4-B5DA-DE147F5D47C4}.Debug|Any CPU.Build.0 = Debug|Any CPU
		{80C9D019-6591-49F4-B5DA-DE147F5D47C4}.Release|Any CPU.ActiveCfg = Release|Any CPU
		{80C9D019-6591-49F4-B5DA-DE147F5D47C4}.Release|Any CPU.Build.0 = Release|Any CPU
		{A0920311-8835-4915-9E9B-384F5D8F1113}.Debug|Any CPU.ActiveCfg = Debug|Any CPU
		{A0920311-8835-4915-9E9B-384F5D8F1113}.Debug|Any CPU.Build.0 = Debug|Any CPU
		{A0920311-8835-4915-9E9B-384F5D8F1113}.Release|Any CPU.ActiveCfg = Release|Any CPU
		{A0920311-8835-4915-9E9B-384F5D8F1113}.Release|Any CPU.Build.0 = Release|Any CPU
		{FA8F7552-7E27-425B-9B81-09E0789179A3}.Debug|Any CPU.ActiveCfg = Debug|Any CPU
		{FA8F7552-7E27-425B-9B81-09E0789179A3}.Debug|Any CPU.Build.0 = Debug|Any CPU
		{FA8F7552-7E27-425B-9B81-09E0789179A3}.Release|Any CPU.ActiveCfg = Release|Any CPU
		{FA8F7552-7E27-425B-9B81-09E0789179A3}.Release|Any CPU.Build.0 = Release|Any CPU
	EndGlobalSection
	GlobalSection(SolutionProperties) = preSolution
		HideSolutionNode = FALSE
	EndGlobalSection
	GlobalSection(NestedProjects) = preSolution
		{80C9D019-6591-49F4-B5DA-DE147F5D47C4} = {B088B2E9-FB24-4580-9159-9EE8AB492903}
	EndGlobalSection
	GlobalSection(ExtensibilityGlobals) = postSolution
		SolutionGuid = {D8CD2B0A-41BD-4DFC-A181-0D69D54FBB71}
	EndGlobalSection
EndGlobal
